
Microsoft Visual Studio Solution File, Format Version 12.00
# Visual Studio Version 17
VisualStudioVersion = 17.12.35527.113 d17.12
MinimumVisualStudioVersion = 10.0.40219.1
Project("{FAE04EC0-301F-11D3-BF4B-00C04F79EFBC}") = "UnitTests", "UnitTests\UnitTests.csproj", "{BF39877C-62EF-41A0-BBBF-F547CCB5F3E1}"
EndProject
Project("{FAE04EC0-301F-11D3-BF4B-00C04F79EFBC}") = "PanosTests", "PanosTests\PanosTests.csproj", "{BADB3B08-788C-4DA0-B3C7-33061D8F46DB}"
EndProject
Global
	GlobalSection(SolutionConfigurationPlatforms) = preSolution
		Debug|Any CPU = Debug|Any CPU
		Release|Any CPU = Release|Any CPU
	EndGlobalSection
	GlobalSection(ProjectConfigurationPlatforms) = postSolution
		{BF39877C-62EF-41A0-BBBF-F547CCB5F3E1}.Debug|Any CPU.ActiveCfg = Debug|Any CPU
		{BF39877C-62EF-41A0-BBBF-F547CCB5F3E1}.Debug|Any CPU.Build.0 = Debug|Any CPU
		{BF39877C-62EF-41A0-BBBF-F547CCB5F3E1}.Release|Any CPU.ActiveCfg = Release|Any CPU
		{BF39877C-62EF-41A0-BBBF-F547CCB5F3E1}.Release|Any CPU.Build.0 = Release|Any CPU
		{BADB3B08-788C-4DA0-B3C7-33061D8F46DB}.Debug|Any CPU.ActiveCfg = Debug|Any CPU
		{BADB3B08-788C-4DA0-B3C7-33061D8F46DB}.Debug|Any CPU.Build.0 = Debug|Any CPU
		{BADB3B08-788C-4DA0-B3C7-33061D8F46DB}.Release|Any CPU.ActiveCfg = Release|Any CPU
		{BADB3B08-788C-4DA0-B3C7-33061D8F46DB}.Release|Any CPU.Build.0 = Release|Any CPU
	EndGlobalSection
	GlobalSection(SolutionProperties) = preSolution
		HideSolutionNode = FALSE
	EndGlobalSection
EndGlobal
